// !$*UTF8*$!
{
	archiveVersion = 1;
	classes = {
	};
	objectVersion = 46;
	objects = {

/* Begin PBXBuildFile section */
		A7D10B3A1DC9E14A00C07B8B /* AppDelegate.swift in Sources */ = {isa = PBXBuildFile; fileRef = A7D10B391DC9E14A00C07B8B /* AppDelegate.swift */; };
		A7D10B3C1DC9E14A00C07B8B /* ViewController.swift in Sources */ = {isa = PBXBuildFile; fileRef = A7D10B3B1DC9E14A00C07B8B /* ViewController.swift */; };
		A7D10B3F1DC9E14A00C07B8B /* Main.storyboard in Resources */ = {isa = PBXBuildFile; fileRef = A7D10B3D1DC9E14A00C07B8B /* Main.storyboard */; };
		A7D10B411DC9E14A00C07B8B /* Assets.xcassets in Resources */ = {isa = PBXBuildFile; fileRef = A7D10B401DC9E14A00C07B8B /* Assets.xcassets */; };
		A7D10B441DC9E14A00C07B8B /* LaunchScreen.storyboard in Resources */ = {isa = PBXBuildFile; fileRef = A7D10B421DC9E14A00C07B8B /* LaunchScreen.storyboard */; };
		A7D10B4F1DC9FC6F00C07B8B /* Localizable.strings in Resources */ = {isa = PBXBuildFile; fileRef = A7D10B511DC9FC6F00C07B8B /* Localizable.strings */; };
		A7D10B571DC9FFC900C07B8B /* Localized.swift in Sources */ = {isa = PBXBuildFile; fileRef = A7D10B561DC9FFC900C07B8B /* Localized.swift */; };
		A7D10B5B1DCAD60F00C07B8B /* RecentRequestsViewController.swift in Sources */ = {isa = PBXBuildFile; fileRef = A7D10B5A1DCAD60F00C07B8B /* RecentRequestsViewController.swift */; };
		A7D10B5D1DCB348300C07B8B /* RecentRequestsCell.swift in Sources */ = {isa = PBXBuildFile; fileRef = A7D10B5C1DCB348200C07B8B /* RecentRequestsCell.swift */; };
/* End PBXBuildFile section */

/* Begin PBXFileReference section */
		A7D10B361DC9E14A00C07B8B /* packetsniffer.app */ = {isa = PBXFileReference; explicitFileType = wrapper.application; includeInIndex = 0; path = packetsniffer.app; sourceTree = BUILT_PRODUCTS_DIR; };
		A7D10B391DC9E14A00C07B8B /* AppDelegate.swift */ = {isa = PBXFileReference; lastKnownFileType = sourcecode.swift; path = AppDelegate.swift; sourceTree = "<group>"; };
		A7D10B3B1DC9E14A00C07B8B /* ViewController.swift */ = {isa = PBXFileReference; lastKnownFileType = sourcecode.swift; path = ViewController.swift; sourceTree = "<group>"; };
		A7D10B3E1DC9E14A00C07B8B /* Base */ = {isa = PBXFileReference; lastKnownFileType = file.storyboard; name = Base; path = Base.lproj/Main.storyboard; sourceTree = "<group>"; };
		A7D10B401DC9E14A00C07B8B /* Assets.xcassets */ = {isa = PBXFileReference; lastKnownFileType = folder.assetcatalog; path = Assets.xcassets; sourceTree = "<group>"; };
		A7D10B431DC9E14A00C07B8B /* Base */ = {isa = PBXFileReference; lastKnownFileType = file.storyboard; name = Base; path = Base.lproj/LaunchScreen.storyboard; sourceTree = "<group>"; };
		A7D10B451DC9E14A00C07B8B /* Info.plist */ = {isa = PBXFileReference; lastKnownFileType = text.plist.xml; path = Info.plist; sourceTree = "<group>"; };
		A7D10B501DC9FC6F00C07B8B /* Base */ = {isa = PBXFileReference; lastKnownFileType = text.plist.strings; name = Base; path = Base.lproj/Localizable.strings; sourceTree = "<group>"; };
		A7D10B531DC9FD3A00C07B8B /* zh-Hans */ = {isa = PBXFileReference; lastKnownFileType = text.plist.strings; name = "zh-Hans"; path = "zh-Hans.lproj/Main.strings"; sourceTree = "<group>"; };
		A7D10B541DC9FD3A00C07B8B /* zh-Hans */ = {isa = PBXFileReference; lastKnownFileType = text.plist.strings; name = "zh-Hans"; path = "zh-Hans.lproj/LaunchScreen.strings"; sourceTree = "<group>"; };
		A7D10B551DC9FD3A00C07B8B /* zh-Hans */ = {isa = PBXFileReference; lastKnownFileType = text.plist.strings; name = "zh-Hans"; path = "zh-Hans.lproj/Localizable.strings"; sourceTree = "<group>"; };
		A7D10B561DC9FFC900C07B8B /* Localized.swift */ = {isa = PBXFileReference; fileEncoding = 4; lastKnownFileType = sourcecode.swift; path = Localized.swift; sourceTree = "<group>"; };
		A7D10B5A1DCAD60F00C07B8B /* RecentRequestsViewController.swift */ = {isa = PBXFileReference; fileEncoding = 4; lastKnownFileType = sourcecode.swift; path = RecentRequestsViewController.swift; sourceTree = "<group>"; };
		A7D10B5C1DCB348200C07B8B /* RecentRequestsCell.swift */ = {isa = PBXFileReference; fileEncoding = 4; lastKnownFileType = sourcecode.swift; path = RecentRequestsCell.swift; sourceTree = "<group>"; };
/* End PBXFileReference section */

/* Begin PBXFrameworksBuildPhase section */
		A7D10B331DC9E14A00C07B8B /* Frameworks */ = {
			isa = PBXFrameworksBuildPhase;
			buildActionMask = 2147483647;
			files = (
			);
			runOnlyForDeploymentPostprocessing = 0;
		};
/* End PBXFrameworksBuildPhase section */

/* Begin PBXGroup section */
		A7D10B2D1DC9E14A00C07B8B = {
			isa = PBXGroup;
			children = (
				A7D10B381DC9E14A00C07B8B /* packetsniffer */,
				A7D10B371DC9E14A00C07B8B /* Products */,
			);
			sourceTree = "<group>";
		};
		A7D10B371DC9E14A00C07B8B /* Products */ = {
			isa = PBXGroup;
			children = (
				A7D10B361DC9E14A00C07B8B /* packetsniffer.app */,
			);
			name = Products;
			sourceTree = "<group>";
		};
		A7D10B381DC9E14A00C07B8B /* packetsniffer */ = {
			isa = PBXGroup;
			children = (
				A7D10B561DC9FFC900C07B8B /* Localized.swift */,
				A7D10B391DC9E14A00C07B8B /* AppDelegate.swift */,
				A7D10B3B1DC9E14A00C07B8B /* ViewController.swift */,
				A7D10B3D1DC9E14A00C07B8B /* Main.storyboard */,
				A7D10B401DC9E14A00C07B8B /* Assets.xcassets */,
				A7D10B421DC9E14A00C07B8B /* LaunchScreen.storyboard */,
				A7D10B451DC9E14A00C07B8B /* Info.plist */,
				A7D10B511DC9FC6F00C07B8B /* Localizable.strings */,
				A7D10B5A1DCAD60F00C07B8B /* RecentRequestsViewController.swift */,
				A7D10B5C1DCB348200C07B8B /* RecentRequestsCell.swift */,
			);
			path = packetsniffer;
			sourceTree = "<group>";
		};
/* End PBXGroup section */

/* Begin PBXNativeTarget section */
		A7D10B351DC9E14A00C07B8B /* packetsniffer */ = {
			isa = PBXNativeTarget;
			buildConfigurationList = A7D10B481DC9E14A00C07B8B /* Build configuration list for PBXNativeTarget "packetsniffer" */;
			buildPhases = (
				A7D10B321DC9E14A00C07B8B /* Sources */,
				A7D10B331DC9E14A00C07B8B /* Frameworks */,
				A7D10B341DC9E14A00C07B8B /* Resources */,
			);
			buildRules = (
			);
			dependencies = (
			);
			name = packetsniffer;
			productName = packetsniffer;
			productReference = A7D10B361DC9E14A00C07B8B /* packetsniffer.app */;
			productType = "com.apple.product-type.application";
		};
/* End PBXNativeTarget section */

/* Begin PBXProject section */
		A7D10B2E1DC9E14A00C07B8B /* Project object */ = {
			isa = PBXProject;
			attributes = {
				LastSwiftUpdateCheck = 0810;
				LastUpgradeCheck = 0810;
				ORGANIZATIONNAME = ljw;
				TargetAttributes = {
					A7D10B351DC9E14A00C07B8B = {
						CreatedOnToolsVersion = 8.1;
						DevelopmentTeam = SN4R88999J;
						ProvisioningStyle = Automatic;
					};
				};
			};
			buildConfigurationList = A7D10B311DC9E14A00C07B8B /* Build configuration list for PBXProject "packetsniffer" */;
			compatibilityVersion = "Xcode 3.2";
			developmentRegion = English;
			hasScannedForEncodings = 0;
			knownRegions = (
				Base,
				"zh-Hans",
			);
			mainGroup = A7D10B2D1DC9E14A00C07B8B;
			productRefGroup = A7D10B371DC9E14A00C07B8B /* Products */;
			projectDirPath = "";
			projectRoot = "";
			targets = (
				A7D10B351DC9E14A00C07B8B /* packetsniffer */,
			);
		};
/* End PBXProject section */

/* Begin PBXResourcesBuildPhase section */
		A7D10B341DC9E14A00C07B8B /* Resources */ = {
			isa = PBXResourcesBuildPhase;
			buildActionMask = 2147483647;
			files = (
				A7D10B441DC9E14A00C07B8B /* LaunchScreen.storyboard in Resources */,
				A7D10B4F1DC9FC6F00C07B8B /* Localizable.strings in Resources */,
				A7D10B411DC9E14A00C07B8B /* Assets.xcassets in Resources */,
				A7D10B3F1DC9E14A00C07B8B /* Main.storyboard in Resources */,
			);
			runOnlyForDeploymentPostprocessing = 0;
		};
/* End PBXResourcesBuildPhase section */

/* Begin PBXSourcesBuildPhase section */
		A7D10B321DC9E14A00C07B8B /* Sources */ = {
			isa = PBXSourcesBuildPhase;
			buildActionMask = 2147483647;
			files = (
				A7D10B3C1DC9E14A00C07B8B /* ViewController.swift in Sources */,
				A7D10B5D1DCB348300C07B8B /* RecentRequestsCell.swift in Sources */,
				A7D10B5B1DCAD60F00C07B8B /* RecentRequestsViewController.swift in Sources */,
				A7D10B571DC9FFC900C07B8B /* Localized.swift in Sources */,
				A7D10B3A1DC9E14A00C07B8B /* AppDelegate.swift in Sources */,
			);
			runOnlyForDeploymentPostprocessing = 0;
		};
/* End PBXSourcesBuildPhase section */

/* Begin PBXVariantGroup section */
		A7D10B3D1DC9E14A00C07B8B /* Main.storyboard */ = {
			isa = PBXVariantGroup;
			children = (
				A7D10B3E1DC9E14A00C07B8B /* Base */,
				A7D10B531DC9FD3A00C07B8B /* zh-Hans */,
			);
			name = Main.storyboard;
			sourceTree = "<group>";
		};
		A7D10B421DC9E14A00C07B8B /* LaunchScreen.storyboard */ = {
			isa = PBXVariantGroup;
			children = (
				A7D10B431DC9E14A00C07B8B /* Base */,
				A7D10B541DC9FD3A00C07B8B /* zh-Hans */,
			);
			name = LaunchScreen.storyboard;
			sourceTree = "<group>";
		};
		A7D10B511DC9FC6F00C07B8B /* Localizable.strings */ = {
			isa = PBXVariantGroup;
			children = (
				A7D10B501DC9FC6F00C07B8B /* Base */,
				A7D10B551DC9FD3A00C07B8B /* zh-Hans */,
			);
			name = Localizable.strings;
			sourceTree = "<group>";
		};
/* End PBXVariantGroup section */

/* Begin XCBuildConfiguration section */
		A7D10B461DC9E14A00C07B8B /* Debug */ = {
			isa = XCBuildConfiguration;
			buildSettings = {
				ALWAYS_SEARCH_USER_PATHS = NO;
				CLANG_ANALYZER_LOCALIZABILITY_NONLOCALIZED = YES;
				CLANG_ANALYZER_NONNULL = YES;
				CLANG_CXX_LANGUAGE_STANDARD = "gnu++0x";
				CLANG_CXX_LIBRARY = "libc++";
				CLANG_ENABLE_MODULES = YES;
				CLANG_ENABLE_OBJC_ARC = YES;
				CLANG_WARN_BOOL_CONVERSION = YES;
				CLANG_WARN_CONSTANT_CONVERSION = YES;
				CLANG_WARN_DIRECT_OBJC_ISA_USAGE = YES_ERROR;
				CLANG_WARN_DOCUMENTATION_COMMENTS = YES;
				CLANG_WARN_EMPTY_BODY = YES;
				CLANG_WARN_ENUM_CONVERSION = YES;
				CLANG_WARN_INFINITE_RECURSION = YES;
				CLANG_WARN_INT_CONVERSION = YES;
				CLANG_WARN_OBJC_ROOT_CLASS = YES_ERROR;
				CLANG_WARN_SUSPICIOUS_MOVES = YES;
				CLANG_WARN_UNREACHABLE_CODE = YES;
				CLANG_WARN__DUPLICATE_METHOD_MATCH = YES;
				"CODE_SIGN_IDENTITY[sdk=iphoneos*]" = "iPhone Developer";
				COPY_PHASE_STRIP = NO;
				DEBUG_INFORMATION_FORMAT = dwarf;
				ENABLE_STRICT_OBJC_MSGSEND = YES;
				ENABLE_TESTABILITY = YES;
				GCC_C_LANGUAGE_STANDARD = gnu99;
				GCC_DYNAMIC_NO_PIC = NO;
				GCC_NO_COMMON_BLOCKS = YES;
				GCC_OPTIMIZATION_LEVEL = 0;
				GCC_PREPROCESSOR_DEFINITIONS = (
					"DEBUG=1",
					"$(inherited)",
				);
				GCC_WARN_64_TO_32_BIT_CONVERSION = YES;
				GCC_WARN_ABOUT_RETURN_TYPE = YES_ERROR;
				GCC_WARN_UNDECLARED_SELECTOR = YES;
				GCC_WARN_UNINITIALIZED_AUTOS = YES_AGGRESSIVE;
				GCC_WARN_UNUSED_FUNCTION = YES;
				GCC_WARN_UNUSED_VARIABLE = YES;
				IPHONEOS_DEPLOYMENT_TARGET = 10.1;
				MTL_ENABLE_DEBUG_INFO = YES;
				ONLY_ACTIVE_ARCH = YES;
				SDKROOT = iphoneos;
				SWIFT_ACTIVE_COMPILATION_CONDITIONS = DEBUG;
				SWIFT_OPTIMIZATION_LEVEL = "-Onone";
			};
			name = Debug;
		};
		A7D10B471DC9E14A00C07B8B /* Release */ = {
			isa = XCBuildConfiguration;
			buildSettings = {
				ALWAYS_SEARCH_USER_PATHS = NO;
				CLANG_ANALYZER_LOCALIZABILITY_NONLOCALIZED = YES;
				CLANG_ANALYZER_NONNULL = YES;
				CLANG_CXX_LANGUAGE_STANDARD = "gnu++0x";
				CLANG_CXX_LIBRARY = "libc++";
				CLANG_ENABLE_MODULES = YES;
				CLANG_ENABLE_OBJC_ARC = YES;
				CLANG_WARN_BOOL_CONVERSION = YES;
				CLANG_WARN_CONSTANT_CONVERSION = YES;
				CLANG_WARN_DIRECT_OBJC_ISA_USAGE = YES_ERROR;
				CLANG_WARN_DOCUMENTATION_COMMENTS = YES;
				CLANG_WARN_EMPTY_BODY = YES;
				CLANG_WARN_ENUM_CONVERSION = YES;
				CLANG_WARN_INFINITE_RECURSION = YES;
				CLANG_WARN_INT_CONVERSION = YES;
				CLANG_WARN_OBJC_ROOT_CLASS = YES_ERROR;
				CLANG_WARN_SUSPICIOUS_MOVES = YES;
				CLANG_WARN_UNREACHABLE_CODE = YES;
				CLANG_WARN__DUPLICATE_METHOD_MATCH = YES;
				"CODE_SIGN_IDENTITY[sdk=iphoneos*]" = "iPhone Developer";
				COPY_PHASE_STRIP = NO;
				DEBUG_INFORMATION_FORMAT = "dwarf-with-dsym";
				ENABLE_NS_ASSERTIONS = NO;
				ENABLE_STRICT_OBJC_MSGSEND = YES;
				GCC_C_LANGUAGE_STANDARD = gnu99;
				GCC_NO_COMMON_BLOCKS = YES;
				GCC_WARN_64_TO_32_BIT_CONVERSION = YES;
				GCC_WARN_ABOUT_RETURN_TYPE = YES_ERROR;
				GCC_WARN_UNDECLARED_SELECTOR = YES;
				GCC_WARN_UNINITIALIZED_AUTOS = YES_AGGRESSIVE;
				GCC_WARN_UNUSED_FUNCTION = YES;
				GCC_WARN_UNUSED_VARIABLE = YES;
				IPHONEOS_DEPLOYMENT_TARGET = 10.1;
				MTL_ENABLE_DEBUG_INFO = NO;
				SDKROOT = iphoneos;
				SWIFT_OPTIMIZATION_LEVEL = "-Owholemodule";
				VALIDATE_PRODUCT = YES;
			};
			name = Release;
		};
		A7D10B491DC9E14A00C07B8B /* Debug */ = {
			isa = XCBuildConfiguration;
			buildSettings = {
				ASSETCATALOG_COMPILER_APPICON_NAME = AppIcon;
				DEVELOPMENT_TEAM = SN4R88999J;
				INFOPLIST_FILE = packetsniffer/Info.plist;
				IPHONEOS_DEPLOYMENT_TARGET = 10.0;
				LD_RUNPATH_SEARCH_PATHS = "$(inherited) @executable_path/Frameworks";
				PRODUCT_BUNDLE_IDENTIFIER = com.ljw.packetsniffer;
				PRODUCT_NAME = "$(TARGET_NAME)";
				SWIFT_VERSION = 3.0;
			};
			name = Debug;
		};
		A7D10B4A1DC9E14A00C07B8B /* Release */ = {
			isa = XCBuildConfiguration;
			buildSettings = {
				ASSETCATALOG_COMPILER_APPICON_NAME = AppIcon;
				DEVELOPMENT_TEAM = SN4R88999J;
				INFOPLIST_FILE = packetsniffer/Info.plist;
				IPHONEOS_DEPLOYMENT_TARGET = 10.0;
				LD_RUNPATH_SEARCH_PATHS = "$(inherited) @executable_path/Frameworks";
				PRODUCT_BUNDLE_IDENTIFIER = com.ljw.packetsniffer;
				PRODUCT_NAME = "$(TARGET_NAME)";
				SWIFT_VERSION = 3.0;
			};
			name = Release;
		};
/* End XCBuildConfiguration section */

/* Begin XCConfigurationList section */
		A7D10B311DC9E14A00C07B8B /* Build configuration list for PBXProject "packetsniffer" */ = {
			isa = XCConfigurationList;
			buildConfigurations = (
				A7D10B461DC9E14A00C07B8B /* Debug */,
				A7D10B471DC9E14A00C07B8B /* Release */,
			);
			defaultConfigurationIsVisible = 0;
			defaultConfigurationName = Release;
		};
		A7D10B481DC9E14A00C07B8B /* Build configuration list for PBXNativeTarget "packetsniffer" */ = {
			isa = XCConfigurationList;
			buildConfigurations = (
				A7D10B491DC9E14A00C07B8B /* Debug */,
				A7D10B4A1DC9E14A00C07B8B /* Release */,
			);
			defaultConfigurationIsVisible = 0;
		};
/* End XCConfigurationList section */
	};
	rootObject = A7D10B2E1DC9E14A00C07B8B /* Project object */;
}
